
Microsoft Visual Studio Solution File, Format Version 12.00
# Visual Studio Version 17
VisualStudioVersion = 17.0.31815.197
MinimumVisualStudioVersion = 10.0.40219.1
Project("{2150E333-8FDC-42A3-9474-1A3956D46DE8}") = "src", "src", "{47DEC2D7-6AF8-481F-94C8-DB3D2979AE0A}"
EndProject
Project("{2150E333-8FDC-42A3-9474-1A3956D46DE8}") = "tests", "tests", "{79AD0C81-44BA-4AF2-9814-99CA2438DBC7}"
EndProject
Project("{9A19103F-16F7-4668-BE54-9A1E7A4F7556}") = "Novacta.Analytics", "src\Novacta.Analytics\Novacta.Analytics.csproj", "{0B716FFC-68F8-444E-BEA1-75E7B59F0116}"
EndProject
Project("{9A19103F-16F7-4668-BE54-9A1E7A4F7556}") = "Novacta.Analytics.CodeExamples", "src\Novacta.Analytics.CodeExamples\Novacta.Analytics.CodeExamples.csproj", "{51A08509-E0C9-4BFD-B57C-1AB9687083B9}"
EndProject
Project("{9A19103F-16F7-4668-BE54-9A1E7A4F7556}") = "Novacta.Analytics.Tests", "tests\Novacta.Analytics.Tests\Novacta.Analytics.Tests.csproj", "{6768886D-71DD-4A50-8BB9-CA96CD52328C}"
EndProject
Project("{2150E333-8FDC-42A3-9474-1A3956D46DE8}") = "samples", "samples", "{EDE0D17A-C40F-4AA4-8B7E-D7A4F205CC9B}"
EndProject
Project("{9A19103F-16F7-4668-BE54-9A1E7A4F7556}") = "BindingToRowCollection", "samples\BindingToRowCollection\BindingToRowCollection.csproj", "{92EE510F-E113-428D-AC98-FDE184992FB6}"
EndProject
Project("{2150E333-8FDC-42A3-9474-1A3956D46DE8}") = "native", "native", "{59AC8599-E22D-4CA1-BF41-8BF6118916E9}"
EndProject
Project("{2150E333-8FDC-42A3-9474-1A3956D46DE8}") = "exports", "exports", "{41D23AC7-79FC-4793-A392-32C0D2DA8555}"
	ProjectSection(SolutionItems) = preProject
		native\exports\mkl_exports_linux.txt = native\exports\mkl_exports_linux.txt
		mkl_exports_osx.txt = mkl_exports_osx.txt
		native\exports\mkl_exports_win.txt = native\exports\mkl_exports_win.txt
	EndProjectSection
EndProject
Project("{2150E333-8FDC-42A3-9474-1A3956D46DE8}") = "platforms", "platforms", "{B344678C-A24C-4ADC-B8B6-ACF34130BE04}"
EndProject
Project("{2150E333-8FDC-42A3-9474-1A3956D46DE8}") = "linux-x64", "linux-x64", "{5307C5A0-1147-4D03-AEBD-6350B22D874C}"
	ProjectSection(SolutionItems) = preProject
		native\platforms\linux-x64\NATIVE_LINUX_BUILD.md = native\platforms\linux-x64\NATIVE_LINUX_BUILD.md
	EndProjectSection
EndProject
Project("{2150E333-8FDC-42A3-9474-1A3956D46DE8}") = "osx-x64", "osx-x64", "{EA8E3B43-CCDB-4720-A676-8B8A795F475C}"
	ProjectSection(SolutionItems) = preProject
		native\platforms\osx-x64\NATIVE_OSX_BUILD.md = native\platforms\osx-x64\NATIVE_OSX_BUILD.md
	EndProjectSection
EndProject
Project("{2150E333-8FDC-42A3-9474-1A3956D46DE8}") = "win-x64", "win-x64", "{213B3501-D412-4738-97A1-55D3E8B9E6A7}"
EndProject
Project("{8BC9CEB8-8B4A-11D0-8D11-00A0C91BC942}") = "Novacta.Analytics.win-x64.vml_dll_core", "native\platforms\win-x64\Novacta.Analytics.win-x64.vml_dll_core\Novacta.Analytics.win-x64.vml_dll_core.vcxproj", "{D6A53717-77CA-4CDA-ABBF-9FDEF8B55799}"
EndProject
Project("{8BC9CEB8-8B4A-11D0-8D11-00A0C91BC942}") = "Novacta.Analytics.win-x64.i_malloc_dll", "native\platforms\win-x64\Novacta.Analytics.win-x64.i_malloc_dll\Novacta.Analytics.win-x64.i_malloc_dll.vcxproj", "{DA7198AC-9C6E-4038-A350-B6F7D4F14523}"
EndProject
Project("{8BC9CEB8-8B4A-11D0-8D11-00A0C91BC942}") = "Novacta.Analytics.win-x64", "native\platforms\win-x64\Novacta.Analytics.win-x64\Novacta.Analytics.win-x64.vcxproj", "{81B60964-5CAE-4A30-BF67-20773BB3EDDA}"
EndProject
Project("{2150E333-8FDC-42A3-9474-1A3956D46DE8}") = "notebooks", "notebooks", "{63E2E06E-E19B-40FD-AFF0-4562A8AC1038}"
	ProjectSection(SolutionItems) = preProject
		notebooks\complex_SVD.ipynb = notebooks\complex_SVD.ipynb
		notebooks\plots.ipynb = notebooks\plots.ipynb
	EndProjectSection
EndProject
Project("{7CF6DF6D-3B04-46F8-A40B-537D21BCA0B4}") = "Novacta.Analytics.Documentation", "src\Novacta.Analytics.Documentation\Novacta.Analytics.Documentation.shfbproj", "{6A700957-2283-4287-9DBD-21B47E2E19BF}"
EndProject
Project("{9A19103F-16F7-4668-BE54-9A1E7A4F7556}") = "Novacta.Analytics.Runtime", "src\Novacta.Analytics.Runtime\Novacta.Analytics.Runtime.csproj", "{6B0E56D6-AE90-4EF4-96B2-DF173C5B3E1A}"
EndProject
Global
	GlobalSection(SolutionConfigurationPlatforms) = preSolution
		Debug|Any CPU = Debug|Any CPU
		Debug|ARM = Debug|ARM
		Debug|ARM64 = Debug|ARM64
		Debug|x64 = Debug|x64
		Debug|x86 = Debug|x86
		Release|Any CPU = Release|Any CPU
		Release|ARM = Release|ARM
		Release|ARM64 = Release|ARM64
		Release|x64 = Release|x64
		Release|x86 = Release|x86
	EndGlobalSection
	GlobalSection(ProjectConfigurationPlatforms) = postSolution
		{0B716FFC-68F8-444E-BEA1-75E7B59F0116}.Debug|Any CPU.ActiveCfg = Debug|Any CPU
		{0B716FFC-68F8-444E-BEA1-75E7B59F0116}.Debug|Any CPU.Build.0 = Debug|Any CPU
		{0B716FFC-68F8-444E-BEA1-75E7B59F0116}.Debug|ARM.ActiveCfg = Debug|Any CPU
		{0B716FFC-68F8-444E-BEA1-75E7B59F0116}.Debug|ARM.Build.0 = Debug|Any CPU
		{0B716FFC-68F8-444E-BEA1-75E7B59F0116}.Debug|ARM64.ActiveCfg = Debug|Any CPU
		{0B716FFC-68F8-444E-BEA1-75E7B59F0116}.Debug|ARM64.Build.0 = Debug|Any CPU
		{0B716FFC-68F8-444E-BEA1-75E7B59F0116}.Debug|x64.ActiveCfg = Debug|Any CPU
		{0B716FFC-68F8-444E-BEA1-75E7B59F0116}.Debug|x64.Build.0 = Debug|Any CPU
		{0B716FFC-68F8-444E-BEA1-75E7B59F0116}.Debug|x86.ActiveCfg = Debug|Any CPU
		{0B716FFC-68F8-444E-BEA1-75E7B59F0116}.Debug|x86.Build.0 = Debug|Any CPU
		{0B716FFC-68F8-444E-BEA1-75E7B59F0116}.Release|Any CPU.ActiveCfg = Release|Any CPU
		{0B716FFC-68F8-444E-BEA1-75E7B59F0116}.Release|Any CPU.Build.0 = Release|Any CPU
		{0B716FFC-68F8-444E-BEA1-75E7B59F0116}.Release|ARM.ActiveCfg = Release|Any CPU
		{0B716FFC-68F8-444E-BEA1-75E7B59F0116}.Release|ARM.Build.0 = Release|Any CPU
		{0B716FFC-68F8-444E-BEA1-75E7B59F0116}.Release|ARM64.ActiveCfg = Release|Any CPU
		{0B716FFC-68F8-444E-BEA1-75E7B59F0116}.Release|ARM64.Build.0 = Release|Any CPU
		{0B716FFC-68F8-444E-BEA1-75E7B59F0116}.Release|x64.ActiveCfg = Release|Any CPU
		{0B716FFC-68F8-444E-BEA1-75E7B59F0116}.Release|x64.Build.0 = Release|Any CPU
		{0B716FFC-68F8-444E-BEA1-75E7B59F0116}.Release|x86.ActiveCfg = Release|Any CPU
		{0B716FFC-68F8-444E-BEA1-75E7B59F0116}.Release|x86.Build.0 = Release|Any CPU
		{51A08509-E0C9-4BFD-B57C-1AB9687083B9}.Debug|Any CPU.ActiveCfg = Debug|Any CPU
		{51A08509-E0C9-4BFD-B57C-1AB9687083B9}.Debug|ARM.ActiveCfg = Debug|Any CPU
		{51A08509-E0C9-4BFD-B57C-1AB9687083B9}.Debug|ARM.Build.0 = Debug|Any CPU
		{51A08509-E0C9-4BFD-B57C-1AB9687083B9}.Debug|ARM64.ActiveCfg = Debug|Any CPU
		{51A08509-E0C9-4BFD-B57C-1AB9687083B9}.Debug|ARM64.Build.0 = Debug|Any CPU
		{51A08509-E0C9-4BFD-B57C-1AB9687083B9}.Debug|x64.ActiveCfg = Debug|Any CPU
		{51A08509-E0C9-4BFD-B57C-1AB9687083B9}.Debug|x64.Build.0 = Debug|Any CPU
		{51A08509-E0C9-4BFD-B57C-1AB9687083B9}.Debug|x86.ActiveCfg = Debug|Any CPU
		{51A08509-E0C9-4BFD-B57C-1AB9687083B9}.Debug|x86.Build.0 = Debug|Any CPU
		{51A08509-E0C9-4BFD-B57C-1AB9687083B9}.Release|Any CPU.ActiveCfg = Release|Any CPU
		{51A08509-E0C9-4BFD-B57C-1AB9687083B9}.Release|Any CPU.Build.0 = Release|Any CPU
		{51A08509-E0C9-4BFD-B57C-1AB9687083B9}.Release|ARM.ActiveCfg = Release|Any CPU
		{51A08509-E0C9-4BFD-B57C-1AB9687083B9}.Release|ARM.Build.0 = Release|Any CPU
		{51A08509-E0C9-4BFD-B57C-1AB9687083B9}.Release|ARM64.ActiveCfg = Release|Any CPU
		{51A08509-E0C9-4BFD-B57C-1AB9687083B9}.Release|ARM64.Build.0 = Release|Any CPU
		{51A08509-E0C9-4BFD-B57C-1AB9687083B9}.Release|x64.ActiveCfg = Release|Any CPU
		{51A08509-E0C9-4BFD-B57C-1AB9687083B9}.Release|x64.Build.0 = Release|Any CPU
		{51A08509-E0C9-4BFD-B57C-1AB9687083B9}.Release|x86.ActiveCfg = Release|Any CPU
		{51A08509-E0C9-4BFD-B57C-1AB9687083B9}.Release|x86.Build.0 = Release|Any CPU
		{6768886D-71DD-4A50-8BB9-CA96CD52328C}.Debug|Any CPU.ActiveCfg = Debug|Any CPU
		{6768886D-71DD-4A50-8BB9-CA96CD52328C}.Debug|Any CPU.Build.0 = Debug|Any CPU
		{6768886D-71DD-4A50-8BB9-CA96CD52328C}.Debug|ARM.ActiveCfg = Debug|Any CPU
		{6768886D-71DD-4A50-8BB9-CA96CD52328C}.Debug|ARM.Build.0 = Debug|Any CPU
		{6768886D-71DD-4A50-8BB9-CA96CD52328C}.Debug|ARM64.ActiveCfg = Debug|Any CPU
		{6768886D-71DD-4A50-8BB9-CA96CD52328C}.Debug|ARM64.Build.0 = Debug|Any CPU
		{6768886D-71DD-4A50-8BB9-CA96CD52328C}.Debug|x64.ActiveCfg = Debug|Any CPU
		{6768886D-71DD-4A50-8BB9-CA96CD52328C}.Debug|x64.Build.0 = Debug|Any CPU
		{6768886D-71DD-4A50-8BB9-CA96CD52328C}.Debug|x86.ActiveCfg = Debug|Any CPU
		{6768886D-71DD-4A50-8BB9-CA96CD52328C}.Debug|x86.Build.0 = Debug|Any CPU
		{6768886D-71DD-4A50-8BB9-CA96CD52328C}.Release|Any CPU.ActiveCfg = Release|Any CPU
		{6768886D-71DD-4A50-8BB9-CA96CD52328C}.Release|Any CPU.Build.0 = Release|Any CPU
		{6768886D-71DD-4A50-8BB9-CA96CD52328C}.Release|ARM.ActiveCfg = Release|Any CPU
		{6768886D-71DD-4A50-8BB9-CA96CD52328C}.Release|ARM.Build.0 = Release|Any CPU
		{6768886D-71DD-4A50-8BB9-CA96CD52328C}.Release|ARM64.ActiveCfg = Release|Any CPU
		{6768886D-71DD-4A50-8BB9-CA96CD52328C}.Release|ARM64.Build.0 = Release|Any CPU
		{6768886D-71DD-4A50-8BB9-CA96CD52328C}.Release|x64.ActiveCfg = Release|Any CPU
		{6768886D-71DD-4A50-8BB9-CA96CD52328C}.Release|x64.Build.0 = Release|Any CPU
		{6768886D-71DD-4A50-8BB9-CA96CD52328C}.Release|x86.ActiveCfg = Release|Any CPU
		{6768886D-71DD-4A50-8BB9-CA96CD52328C}.Release|x86.Build.0 = Release|Any CPU
		{92EE510F-E113-428D-AC98-FDE184992FB6}.Debug|Any CPU.ActiveCfg = Debug|Any CPU
		{92EE510F-E113-428D-AC98-FDE184992FB6}.Debug|Any CPU.Build.0 = Debug|Any CPU
		{92EE510F-E113-428D-AC98-FDE184992FB6}.Debug|ARM.ActiveCfg = Debug|Any CPU
		{92EE510F-E113-428D-AC98-FDE184992FB6}.Debug|ARM.Build.0 = Debug|Any CPU
		{92EE510F-E113-428D-AC98-FDE184992FB6}.Debug|ARM64.ActiveCfg = Debug|Any CPU
		{92EE510F-E113-428D-AC98-FDE184992FB6}.Debug|ARM64.Build.0 = Debug|Any CPU
		{92EE510F-E113-428D-AC98-FDE184992FB6}.Debug|x64.ActiveCfg = Debug|Any CPU
		{92EE510F-E113-428D-AC98-FDE184992FB6}.Debug|x64.Build.0 = Debug|Any CPU
		{92EE510F-E113-428D-AC98-FDE184992FB6}.Debug|x86.ActiveCfg = Debug|Any CPU
		{92EE510F-E113-428D-AC98-FDE184992FB6}.Debug|x86.Build.0 = Debug|Any CPU
		{92EE510F-E113-428D-AC98-FDE184992FB6}.Release|Any CPU.ActiveCfg = Release|Any CPU
		{92EE510F-E113-428D-AC98-FDE184992FB6}.Release|Any CPU.Build.0 = Release|Any CPU
		{92EE510F-E113-428D-AC98-FDE184992FB6}.Release|ARM.ActiveCfg = Release|Any CPU
		{92EE510F-E113-428D-AC98-FDE184992FB6}.Release|ARM.Build.0 = Release|Any CPU
		{92EE510F-E113-428D-AC98-FDE184992FB6}.Release|ARM64.ActiveCfg = Release|Any CPU
		{92EE510F-E113-428D-AC98-FDE184992FB6}.Release|ARM64.Build.0 = Release|Any CPU
		{92EE510F-E113-428D-AC98-FDE184992FB6}.Release|x64.ActiveCfg = Release|Any CPU
		{92EE510F-E113-428D-AC98-FDE184992FB6}.Release|x64.Build.0 = Release|Any CPU
		{92EE510F-E113-428D-AC98-FDE184992FB6}.Release|x86.ActiveCfg = Release|Any CPU
		{92EE510F-E113-428D-AC98-FDE184992FB6}.Release|x86.Build.0 = Release|Any CPU
		{D6A53717-77CA-4CDA-ABBF-9FDEF8B55799}.Debug|Any CPU.ActiveCfg = Debug|x64
		{D6A53717-77CA-4CDA-ABBF-9FDEF8B55799}.Debug|ARM.ActiveCfg = Debug|x64
		{D6A53717-77CA-4CDA-ABBF-9FDEF8B55799}.Debug|ARM.Build.0 = Debug|x64
		{D6A53717-77CA-4CDA-ABBF-9FDEF8B55799}.Debug|ARM64.ActiveCfg = Debug|x64
		{D6A53717-77CA-4CDA-ABBF-9FDEF8B55799}.Debug|ARM64.Build.0 = Debug|x64
		{D6A53717-77CA-4CDA-ABBF-9FDEF8B55799}.Debug|x64.ActiveCfg = Debug|x64
		{D6A53717-77CA-4CDA-ABBF-9FDEF8B55799}.Debug|x64.Build.0 = Debug|x64
		{D6A53717-77CA-4CDA-ABBF-9FDEF8B55799}.Debug|x86.ActiveCfg = Debug|x64
		{D6A53717-77CA-4CDA-ABBF-9FDEF8B55799}.Debug|x86.Build.0 = Debug|x64
		{D6A53717-77CA-4CDA-ABBF-9FDEF8B55799}.Release|Any CPU.ActiveCfg = Release|x64
		{D6A53717-77CA-4CDA-ABBF-9FDEF8B55799}.Release|Any CPU.Build.0 = Release|x64
		{D6A53717-77CA-4CDA-ABBF-9FDEF8B55799}.Release|ARM.ActiveCfg = Release|x64
		{D6A53717-77CA-4CDA-ABBF-9FDEF8B55799}.Release|ARM.Build.0 = Release|x64
		{D6A53717-77CA-4CDA-ABBF-9FDEF8B55799}.Release|ARM64.ActiveCfg = Release|x64
		{D6A53717-77CA-4CDA-ABBF-9FDEF8B55799}.Release|ARM64.Build.0 = Release|x64
		{D6A53717-77CA-4CDA-ABBF-9FDEF8B55799}.Release|x64.ActiveCfg = Release|x64
		{D6A53717-77CA-4CDA-ABBF-9FDEF8B55799}.Release|x64.Build.0 = Release|x64
		{D6A53717-77CA-4CDA-ABBF-9FDEF8B55799}.Release|x86.ActiveCfg = Release|x64
		{D6A53717-77CA-4CDA-ABBF-9FDEF8B55799}.Release|x86.Build.0 = Release|x64
		{DA7198AC-9C6E-4038-A350-B6F7D4F14523}.Debug|Any CPU.ActiveCfg = Debug|x64
		{DA7198AC-9C6E-4038-A350-B6F7D4F14523}.Debug|ARM.ActiveCfg = Debug|x64
		{DA7198AC-9C6E-4038-A350-B6F7D4F14523}.Debug|ARM.Build.0 = Debug|x64
		{DA7198AC-9C6E-4038-A350-B6F7D4F14523}.Debug|ARM64.ActiveCfg = Debug|x64
		{DA7198AC-9C6E-4038-A350-B6F7D4F14523}.Debug|ARM64.Build.0 = Debug|x64
		{DA7198AC-9C6E-4038-A350-B6F7D4F14523}.Debug|x64.ActiveCfg = Debug|x64
		{DA7198AC-9C6E-4038-A350-B6F7D4F14523}.Debug|x64.Build.0 = Debug|x64
		{DA7198AC-9C6E-4038-A350-B6F7D4F14523}.Debug|x86.ActiveCfg = Debug|x64
		{DA7198AC-9C6E-4038-A350-B6F7D4F14523}.Debug|x86.Build.0 = Debug|x64
		{DA7198AC-9C6E-4038-A350-B6F7D4F14523}.Release|Any CPU.ActiveCfg = Release|x64
		{DA7198AC-9C6E-4038-A350-B6F7D4F14523}.Release|Any CPU.Build.0 = Release|x64
		{DA7198AC-9C6E-4038-A350-B6F7D4F14523}.Release|ARM.ActiveCfg = Release|x64
		{DA7198AC-9C6E-4038-A350-B6F7D4F14523}.Release|ARM.Build.0 = Release|x64
		{DA7198AC-9C6E-4038-A350-B6F7D4F14523}.Release|ARM64.ActiveCfg = Release|x64
		{DA7198AC-9C6E-4038-A350-B6F7D4F14523}.Release|ARM64.Build.0 = Release|x64
		{DA7198AC-9C6E-4038-A350-B6F7D4F14523}.Release|x64.ActiveCfg = Release|x64
		{DA7198AC-9C6E-4038-A350-B6F7D4F14523}.Release|x64.Build.0 = Release|x64
		{DA7198AC-9C6E-4038-A350-B6F7D4F14523}.Release|x86.ActiveCfg = Release|x64
		{DA7198AC-9C6E-4038-A350-B6F7D4F14523}.Release|x86.Build.0 = Release|x64
		{81B60964-5CAE-4A30-BF67-20773BB3EDDA}.Debug|Any CPU.ActiveCfg = Debug|x64
		{81B60964-5CAE-4A30-BF67-20773BB3EDDA}.Debug|ARM.ActiveCfg = Debug|x64
		{81B60964-5CAE-4A30-BF67-20773BB3EDDA}.Debug|ARM.Build.0 = Debug|x64
		{81B60964-5CAE-4A30-BF67-20773BB3EDDA}.Debug|ARM64.ActiveCfg = Debug|x64
		{81B60964-5CAE-4A30-BF67-20773BB3EDDA}.Debug|ARM64.Build.0 = Debug|x64
		{81B60964-5CAE-4A30-BF67-20773BB3EDDA}.Debug|x64.ActiveCfg = Debug|x64
		{81B60964-5CAE-4A30-BF67-20773BB3EDDA}.Debug|x64.Build.0 = Debug|x64
		{81B60964-5CAE-4A30-BF67-20773BB3EDDA}.Debug|x86.ActiveCfg = Debug|x64
		{81B60964-5CAE-4A30-BF67-20773BB3EDDA}.Debug|x86.Build.0 = Debug|x64
		{81B60964-5CAE-4A30-BF67-20773BB3EDDA}.Release|Any CPU.ActiveCfg = Release|x64
		{81B60964-5CAE-4A30-BF67-20773BB3EDDA}.Release|Any CPU.Build.0 = Release|x64
		{81B60964-5CAE-4A30-BF67-20773BB3EDDA}.Release|ARM.ActiveCfg = Release|x64
		{81B60964-5CAE-4A30-BF67-20773BB3EDDA}.Release|ARM.Build.0 = Release|x64
		{81B60964-5CAE-4A30-BF67-20773BB3EDDA}.Release|ARM64.ActiveCfg = Release|x64
		{81B60964-5CAE-4A30-BF67-20773BB3EDDA}.Release|ARM64.Build.0 = Release|x64
		{81B60964-5CAE-4A30-BF67-20773BB3EDDA}.Release|x64.ActiveCfg = Release|x64
		{81B60964-5CAE-4A30-BF67-20773BB3EDDA}.Release|x64.Build.0 = Release|x64
		{81B60964-5CAE-4A30-BF67-20773BB3EDDA}.Release|x86.ActiveCfg = Release|x64
		{81B60964-5CAE-4A30-BF67-20773BB3EDDA}.Release|x86.Build.0 = Release|x64
		{6A700957-2283-4287-9DBD-21B47E2E19BF}.Debug|Any CPU.ActiveCfg = Debug|Any CPU
		{6A700957-2283-4287-9DBD-21B47E2E19BF}.Debug|Any CPU.Build.0 = Debug|Any CPU
		{6A700957-2283-4287-9DBD-21B47E2E19BF}.Debug|ARM.ActiveCfg = Debug|Any CPU
		{6A700957-2283-4287-9DBD-21B47E2E19BF}.Debug|ARM.Build.0 = Debug|Any CPU
		{6A700957-2283-4287-9DBD-21B47E2E19BF}.Debug|ARM64.ActiveCfg = Debug|Any CPU
		{6A700957-2283-4287-9DBD-21B47E2E19BF}.Debug|ARM64.Build.0 = Debug|Any CPU
		{6A700957-2283-4287-9DBD-21B47E2E19BF}.Debug|x64.ActiveCfg = Debug|Any CPU
		{6A700957-2283-4287-9DBD-21B47E2E19BF}.Debug|x64.Build.0 = Debug|Any CPU
		{6A700957-2283-4287-9DBD-21B47E2E19BF}.Debug|x86.ActiveCfg = Debug|Any CPU
		{6A700957-2283-4287-9DBD-21B47E2E19BF}.Debug|x86.Build.0 = Debug|Any CPU
		{6A700957-2283-4287-9DBD-21B47E2E19BF}.Release|Any CPU.ActiveCfg = Release|Any CPU
		{6A700957-2283-4287-9DBD-21B47E2E19BF}.Release|Any CPU.Build.0 = Release|Any CPU
		{6A700957-2283-4287-9DBD-21B47E2E19BF}.Release|ARM.ActiveCfg = Release|Any CPU
		{6A700957-2283-4287-9DBD-21B47E2E19BF}.Release|ARM.Build.0 = Release|Any CPU
		{6A700957-2283-4287-9DBD-21B47E2E19BF}.Release|ARM64.ActiveCfg = Release|Any CPU
		{6A700957-2283-4287-9DBD-21B47E2E19BF}.Release|ARM64.Build.0 = Release|Any CPU
		{6A700957-2283-4287-9DBD-21B47E2E19BF}.Release|x64.ActiveCfg = Release|Any CPU
		{6A700957-2283-4287-9DBD-21B47E2E19BF}.Release|x64.Build.0 = Release|Any CPU
		{6A700957-2283-4287-9DBD-21B47E2E19BF}.Release|x86.ActiveCfg = Release|Any CPU
		{6A700957-2283-4287-9DBD-21B47E2E19BF}.Release|x86.Build.0 = Release|Any CPU
		{6B0E56D6-AE90-4EF4-96B2-DF173C5B3E1A}.Debug|Any CPU.ActiveCfg = Debug|Any CPU
		{6B0E56D6-AE90-4EF4-96B2-DF173C5B3E1A}.Debug|Any CPU.Build.0 = Debug|Any CPU
		{6B0E56D6-AE90-4EF4-96B2-DF173C5B3E1A}.Debug|ARM.ActiveCfg = Debug|Any CPU
		{6B0E56D6-AE90-4EF4-96B2-DF173C5B3E1A}.Debug|ARM.Build.0 = Debug|Any CPU
		{6B0E56D6-AE90-4EF4-96B2-DF173C5B3E1A}.Debug|ARM64.ActiveCfg = Debug|Any CPU
		{6B0E56D6-AE90-4EF4-96B2-DF173C5B3E1A}.Debug|ARM64.Build.0 = Debug|Any CPU
		{6B0E56D6-AE90-4EF4-96B2-DF173C5B3E1A}.Debug|x64.ActiveCfg = Debug|Any CPU
		{6B0E56D6-AE90-4EF4-96B2-DF173C5B3E1A}.Debug|x64.Build.0 = Debug|Any CPU
		{6B0E56D6-AE90-4EF4-96B2-DF173C5B3E1A}.Debug|x86.ActiveCfg = Debug|Any CPU
		{6B0E56D6-AE90-4EF4-96B2-DF173C5B3E1A}.Debug|x86.Build.0 = Debug|Any CPU
		{6B0E56D6-AE90-4EF4-96B2-DF173C5B3E1A}.Release|Any CPU.ActiveCfg = Release|Any CPU
		{6B0E56D6-AE90-4EF4-96B2-DF173C5B3E1A}.Release|Any CPU.Build.0 = Release|Any CPU
		{6B0E56D6-AE90-4EF4-96B2-DF173C5B3E1A}.Release|ARM.ActiveCfg = Release|Any CPU
		{6B0E56D6-AE90-4EF4-96B2-DF173C5B3E1A}.Release|ARM.Build.0 = Release|Any CPU
		{6B0E56D6-AE90-4EF4-96B2-DF173C5B3E1A}.Release|ARM64.ActiveCfg = Release|Any CPU
		{6B0E56D6-AE90-4EF4-96B2-DF173C5B3E1A}.Release|ARM64.Build.0 = Release|Any CPU
		{6B0E56D6-AE90-4EF4-96B2-DF173C5B3E1A}.Release|x64.ActiveCfg = Release|Any CPU
		{6B0E56D6-AE90-4EF4-96B2-DF173C5B3E1A}.Release|x64.Build.0 = Release|Any CPU
		{6B0E56D6-AE90-4EF4-96B2-DF173C5B3E1A}.Release|x86.ActiveCfg = Release|Any CPU
		{6B0E56D6-AE90-4EF4-96B2-DF173C5B3E1A}.Release|x86.Build.0 = Release|Any CPU
	EndGlobalSection
	GlobalSection(SolutionProperties) = preSolution
		HideSolutionNode = FALSE
	EndGlobalSection
	GlobalSection(NestedProjects) = preSolution
		{0B716FFC-68F8-444E-BEA1-75E7B59F0116} = {47DEC2D7-6AF8-481F-94C8-DB3D2979AE0A}
		{51A08509-E0C9-4BFD-B57C-1AB9687083B9} = {47DEC2D7-6AF8-481F-94C8-DB3D2979AE0A}
		{6768886D-71DD-4A50-8BB9-CA96CD52328C} = {79AD0C81-44BA-4AF2-9814-99CA2438DBC7}
		{92EE510F-E113-428D-AC98-FDE184992FB6} = {EDE0D17A-C40F-4AA4-8B7E-D7A4F205CC9B}
		{41D23AC7-79FC-4793-A392-32C0D2DA8555} = {59AC8599-E22D-4CA1-BF41-8BF6118916E9}
		{B344678C-A24C-4ADC-B8B6-ACF34130BE04} = {59AC8599-E22D-4CA1-BF41-8BF6118916E9}
		{5307C5A0-1147-4D03-AEBD-6350B22D874C} = {B344678C-A24C-4ADC-B8B6-ACF34130BE04}
		{EA8E3B43-CCDB-4720-A676-8B8A795F475C} = {B344678C-A24C-4ADC-B8B6-ACF34130BE04}
		{213B3501-D412-4738-97A1-55D3E8B9E6A7} = {B344678C-A24C-4ADC-B8B6-ACF34130BE04}
		{D6A53717-77CA-4CDA-ABBF-9FDEF8B55799} = {213B3501-D412-4738-97A1-55D3E8B9E6A7}
		{DA7198AC-9C6E-4038-A350-B6F7D4F14523} = {213B3501-D412-4738-97A1-55D3E8B9E6A7}
		{81B60964-5CAE-4A30-BF67-20773BB3EDDA} = {213B3501-D412-4738-97A1-55D3E8B9E6A7}
		{6A700957-2283-4287-9DBD-21B47E2E19BF} = {47DEC2D7-6AF8-481F-94C8-DB3D2979AE0A}
		{6B0E56D6-AE90-4EF4-96B2-DF173C5B3E1A} = {47DEC2D7-6AF8-481F-94C8-DB3D2979AE0A}
	EndGlobalSection
	GlobalSection(ExtensibilityGlobals) = postSolution
		SolutionGuid = {AA191A9C-9BAC-4554-9DB3-BBB73B8D69B0}
	EndGlobalSection
EndGlobal
